
Microsoft Visual Studio Solution File, Format Version 12.00
# Visual Studio Version 16
VisualStudioVersion = 16.0.32126.315
MinimumVisualStudioVersion = 10.0.40219.1
Project("{FAE04EC0-301F-11D3-BF4B-00C04F79EFBC}") = "uri_1018", "uri_1018.csproj", "{FB95D32E-E81C-483F-A4C0-5D825A20067C}"
EndProject
Global
	GlobalSection(SolutionConfigurationPlatforms) = preSolution
		Debug|Any CPU = Debug|Any CPU
		Release|Any CPU = Release|Any CPU
	EndGlobalSection
	GlobalSection(ProjectConfigurationPlatforms) = postSolution
		{FB95D32E-E81C-483F-A4C0-5D825A20067C}.Debug|Any CPU.ActiveCfg = Debug|Any CPU
		{FB95D32E-E81C-483F-A4C0-5D825A20067C}.Debug|Any CPU.Build.0 = Debug|Any CPU
		{FB95D32E-E81C-483F-A4C0-5D825A20067C}.Release|Any CPU.ActiveCfg = Release|Any CPU
		{FB95D32E-E81C-483F-A4C0-5D825A20067C}.Release|Any CPU.Build.0 = Release|Any CPU
	EndGlobalSection
	GlobalSection(SolutionProperties) = preSolution
		HideSolutionNode = FALSE
	EndGlobalSection
	GlobalSection(ExtensibilityGlobals) = postSolution
		SolutionGuid = {9FB1BADD-A923-4939-8674-55B536770283}
	EndGlobalSection
EndGlobal
