
Microsoft Visual Studio Solution File, Format Version 12.00
# Visual Studio Version 16
VisualStudioVersion = 16.0.31624.102
MinimumVisualStudioVersion = 10.0.40219.1
Project("{FAE04EC0-301F-11D3-BF4B-00C04F79EFBC}") = "Capitulo3", "Capitulo3\Capitulo3.csproj", "{28871307-7619-48E7-BBD2-26EC6EE45037}"
EndProject
Global
	GlobalSection(SolutionConfigurationPlatforms) = preSolution
		Debug|Any CPU = Debug|Any CPU
		Release|Any CPU = Release|Any CPU
	EndGlobalSection
	GlobalSection(ProjectConfigurationPlatforms) = postSolution
		{28871307-7619-48E7-BBD2-26EC6EE45037}.Debug|Any CPU.ActiveCfg = Debug|Any CPU
		{28871307-7619-48E7-BBD2-26EC6EE45037}.Debug|Any CPU.Build.0 = Debug|Any CPU
		{28871307-7619-48E7-BBD2-26EC6EE45037}.Release|Any CPU.ActiveCfg = Release|Any CPU
		{28871307-7619-48E7-BBD2-26EC6EE45037}.Release|Any CPU.Build.0 = Release|Any CPU
	EndGlobalSection
	GlobalSection(SolutionProperties) = preSolution
		HideSolutionNode = FALSE
	EndGlobalSection
	GlobalSection(ExtensibilityGlobals) = postSolution
		SolutionGuid = {896CADB9-22A4-4FD0-B4E5-FBB6A9465EEF}
	EndGlobalSection
EndGlobal
