
Microsoft Visual Studio Solution File, Format Version 12.00
# Visual Studio Version 16
VisualStudioVersion = 16.0.32126.315
MinimumVisualStudioVersion = 10.0.40219.1
Project("{FAE04EC0-301F-11D3-BF4B-00C04F79EFBC}") = "exercicio", "exercicio.csproj", "{0B37FDC7-65C8-4C14-B3F0-1353638AED8B}"
EndProject
Global
	GlobalSection(SolutionConfigurationPlatforms) = preSolution
		Debug|Any CPU = Debug|Any CPU
		Release|Any CPU = Release|Any CPU
	EndGlobalSection
	GlobalSection(ProjectConfigurationPlatforms) = postSolution
		{0B37FDC7-65C8-4C14-B3F0-1353638AED8B}.Debug|Any CPU.ActiveCfg = Debug|Any CPU
		{0B37FDC7-65C8-4C14-B3F0-1353638AED8B}.Debug|Any CPU.Build.0 = Debug|Any CPU
		{0B37FDC7-65C8-4C14-B3F0-1353638AED8B}.Release|Any CPU.ActiveCfg = Release|Any CPU
		{0B37FDC7-65C8-4C14-B3F0-1353638AED8B}.Release|Any CPU.Build.0 = Release|Any CPU
	EndGlobalSection
	GlobalSection(SolutionProperties) = preSolution
		HideSolutionNode = FALSE
	EndGlobalSection
	GlobalSection(ExtensibilityGlobals) = postSolution
		SolutionGuid = {A4540F7A-DDD5-46AA-A286-630F0A73D7B5}
	EndGlobalSection
EndGlobal
