
Microsoft Visual Studio Solution File, Format Version 12.00
# Visual Studio Version 16
VisualStudioVersion = 16.0.32126.315
MinimumVisualStudioVersion = 10.0.40219.1
Project("{FAE04EC0-301F-11D3-BF4B-00C04F79EFBC}") = "Exercicio Resolvido 05", "Exercicio Resolvido 05.csproj", "{C2A37A69-57F1-4AC9-8DE3-30368D38BD31}"
EndProject
Global
	GlobalSection(SolutionConfigurationPlatforms) = preSolution
		Debug|Any CPU = Debug|Any CPU
		Release|Any CPU = Release|Any CPU
	EndGlobalSection
	GlobalSection(ProjectConfigurationPlatforms) = postSolution
		{C2A37A69-57F1-4AC9-8DE3-30368D38BD31}.Debug|Any CPU.ActiveCfg = Debug|Any CPU
		{C2A37A69-57F1-4AC9-8DE3-30368D38BD31}.Debug|Any CPU.Build.0 = Debug|Any CPU
		{C2A37A69-57F1-4AC9-8DE3-30368D38BD31}.Release|Any CPU.ActiveCfg = Release|Any CPU
		{C2A37A69-57F1-4AC9-8DE3-30368D38BD31}.Release|Any CPU.Build.0 = Release|Any CPU
	EndGlobalSection
	GlobalSection(SolutionProperties) = preSolution
		HideSolutionNode = FALSE
	EndGlobalSection
	GlobalSection(ExtensibilityGlobals) = postSolution
		SolutionGuid = {CA192282-FA13-466B-B7F8-8F2A0C5F3BB5}
	EndGlobalSection
EndGlobal
