
Microsoft Visual Studio Solution File, Format Version 12.00
# Visual Studio Version 16
VisualStudioVersion = 16.0.32126.315
MinimumVisualStudioVersion = 10.0.40219.1
Project("{FAE04EC0-301F-11D3-BF4B-00C04F79EFBC}") = "teste_condicional", "teste_condicional.csproj", "{B4C8A4EC-C158-4BD1-BA9B-2D3E84E2AEFA}"
EndProject
Global
	GlobalSection(SolutionConfigurationPlatforms) = preSolution
		Debug|Any CPU = Debug|Any CPU
		Release|Any CPU = Release|Any CPU
	EndGlobalSection
	GlobalSection(ProjectConfigurationPlatforms) = postSolution
		{B4C8A4EC-C158-4BD1-BA9B-2D3E84E2AEFA}.Debug|Any CPU.ActiveCfg = Debug|Any CPU
		{B4C8A4EC-C158-4BD1-BA9B-2D3E84E2AEFA}.Debug|Any CPU.Build.0 = Debug|Any CPU
		{B4C8A4EC-C158-4BD1-BA9B-2D3E84E2AEFA}.Release|Any CPU.ActiveCfg = Release|Any CPU
		{B4C8A4EC-C158-4BD1-BA9B-2D3E84E2AEFA}.Release|Any CPU.Build.0 = Release|Any CPU
	EndGlobalSection
	GlobalSection(SolutionProperties) = preSolution
		HideSolutionNode = FALSE
	EndGlobalSection
	GlobalSection(ExtensibilityGlobals) = postSolution
		SolutionGuid = {272541C9-F194-4ACD-B3FD-9991110B3C3F}
	EndGlobalSection
EndGlobal
