
Microsoft Visual Studio Solution File, Format Version 12.00
# Visual Studio Version 16
VisualStudioVersion = 16.0.32126.315
MinimumVisualStudioVersion = 10.0.40219.1
Project("{FAE04EC0-301F-11D3-BF4B-00C04F79EFBC}") = "Exercicio_Resolvido_02_uri_1036", "Exercicio_Resolvido_02_uri_1036.csproj", "{F64497E3-88FF-4B86-95B8-050D4201D313}"
EndProject
Global
	GlobalSection(SolutionConfigurationPlatforms) = preSolution
		Debug|Any CPU = Debug|Any CPU
		Release|Any CPU = Release|Any CPU
	EndGlobalSection
	GlobalSection(ProjectConfigurationPlatforms) = postSolution
		{F64497E3-88FF-4B86-95B8-050D4201D313}.Debug|Any CPU.ActiveCfg = Debug|Any CPU
		{F64497E3-88FF-4B86-95B8-050D4201D313}.Debug|Any CPU.Build.0 = Debug|Any CPU
		{F64497E3-88FF-4B86-95B8-050D4201D313}.Release|Any CPU.ActiveCfg = Release|Any CPU
		{F64497E3-88FF-4B86-95B8-050D4201D313}.Release|Any CPU.Build.0 = Release|Any CPU
	EndGlobalSection
	GlobalSection(SolutionProperties) = preSolution
		HideSolutionNode = FALSE
	EndGlobalSection
	GlobalSection(ExtensibilityGlobals) = postSolution
		SolutionGuid = {87214769-156F-46CF-A156-CAFC4976F4D5}
	EndGlobalSection
EndGlobal
