
Microsoft Visual Studio Solution File, Format Version 12.00
# Visual Studio Version 16
VisualStudioVersion = 16.0.32126.315
MinimumVisualStudioVersion = 10.0.40219.1
Project("{FAE04EC0-301F-11D3-BF4B-00C04F79EFBC}") = "uri_1004", "uri_1004.csproj", "{B9F7926B-8876-4201-88AC-E222AEF6A784}"
EndProject
Global
	GlobalSection(SolutionConfigurationPlatforms) = preSolution
		Debug|Any CPU = Debug|Any CPU
		Release|Any CPU = Release|Any CPU
	EndGlobalSection
	GlobalSection(ProjectConfigurationPlatforms) = postSolution
		{B9F7926B-8876-4201-88AC-E222AEF6A784}.Debug|Any CPU.ActiveCfg = Debug|Any CPU
		{B9F7926B-8876-4201-88AC-E222AEF6A784}.Debug|Any CPU.Build.0 = Debug|Any CPU
		{B9F7926B-8876-4201-88AC-E222AEF6A784}.Release|Any CPU.ActiveCfg = Release|Any CPU
		{B9F7926B-8876-4201-88AC-E222AEF6A784}.Release|Any CPU.Build.0 = Release|Any CPU
	EndGlobalSection
	GlobalSection(SolutionProperties) = preSolution
		HideSolutionNode = FALSE
	EndGlobalSection
	GlobalSection(ExtensibilityGlobals) = postSolution
		SolutionGuid = {44AD4C33-C1A7-4278-89C8-145E8C6B37E5}
	EndGlobalSection
EndGlobal
