
Microsoft Visual Studio Solution File, Format Version 12.00
# Visual Studio Version 16
VisualStudioVersion = 16.0.32106.194
MinimumVisualStudioVersion = 10.0.40219.1
Project("{FAE04EC0-301F-11D3-BF4B-00C04F79EFBC}") = "Exemplo - Saida de Dados", "Exemplo - Saida de Dados\Exemplo - Saida de Dados.csproj", "{A29A54E5-1DEB-49D5-A91E-E2BE053992C1}"
EndProject
Global
	GlobalSection(SolutionConfigurationPlatforms) = preSolution
		Debug|Any CPU = Debug|Any CPU
		Release|Any CPU = Release|Any CPU
	EndGlobalSection
	GlobalSection(ProjectConfigurationPlatforms) = postSolution
		{A29A54E5-1DEB-49D5-A91E-E2BE053992C1}.Debug|Any CPU.ActiveCfg = Debug|Any CPU
		{A29A54E5-1DEB-49D5-A91E-E2BE053992C1}.Debug|Any CPU.Build.0 = Debug|Any CPU
		{A29A54E5-1DEB-49D5-A91E-E2BE053992C1}.Release|Any CPU.ActiveCfg = Release|Any CPU
		{A29A54E5-1DEB-49D5-A91E-E2BE053992C1}.Release|Any CPU.Build.0 = Release|Any CPU
	EndGlobalSection
	GlobalSection(SolutionProperties) = preSolution
		HideSolutionNode = FALSE
	EndGlobalSection
	GlobalSection(ExtensibilityGlobals) = postSolution
		SolutionGuid = {E759099E-5176-4F0F-ADA7-63481D526C12}
	EndGlobalSection
EndGlobal
