
Microsoft Visual Studio Solution File, Format Version 12.00
# Visual Studio Version 16
VisualStudioVersion = 16.0.32126.315
MinimumVisualStudioVersion = 10.0.40219.1
Project("{FAE04EC0-301F-11D3-BF4B-00C04F79EFBC}") = "uri_1014", "uri_1014.csproj", "{D4F00078-B4E8-479F-AE7F-8D9E21C59E27}"
EndProject
Global
	GlobalSection(SolutionConfigurationPlatforms) = preSolution
		Debug|Any CPU = Debug|Any CPU
		Release|Any CPU = Release|Any CPU
	EndGlobalSection
	GlobalSection(ProjectConfigurationPlatforms) = postSolution
		{D4F00078-B4E8-479F-AE7F-8D9E21C59E27}.Debug|Any CPU.ActiveCfg = Debug|Any CPU
		{D4F00078-B4E8-479F-AE7F-8D9E21C59E27}.Debug|Any CPU.Build.0 = Debug|Any CPU
		{D4F00078-B4E8-479F-AE7F-8D9E21C59E27}.Release|Any CPU.ActiveCfg = Release|Any CPU
		{D4F00078-B4E8-479F-AE7F-8D9E21C59E27}.Release|Any CPU.Build.0 = Release|Any CPU
	EndGlobalSection
	GlobalSection(SolutionProperties) = preSolution
		HideSolutionNode = FALSE
	EndGlobalSection
	GlobalSection(ExtensibilityGlobals) = postSolution
		SolutionGuid = {F3AFB51C-7101-41B4-8C74-6274AE244D92}
	EndGlobalSection
EndGlobal
