
Microsoft Visual Studio Solution File, Format Version 12.00
# Visual Studio Version 16
VisualStudioVersion = 16.0.32106.194
MinimumVisualStudioVersion = 10.0.40219.1
Project("{9A19103F-16F7-4668-BE54-9A1E7A4F7556}") = "Exemplo - Entrada de Dados", "Exemplo - Entrada de Dados\Exemplo - Entrada de Dados.csproj", "{B592A945-C108-4E6D-951C-75F480244D03}"
EndProject
Project("{9A19103F-16F7-4668-BE54-9A1E7A4F7556}") = "Exemplo - Saida de Dados", "..\Exemplo - Saida de Dados\Exemplo - Saida de Dados\Exemplo - Saida de Dados.csproj", "{0AB0ADC5-8D5E-4C2D-AB1C-4B2CA80A468B}"
EndProject
Global
	GlobalSection(SolutionConfigurationPlatforms) = preSolution
		Debug|Any CPU = Debug|Any CPU
		Release|Any CPU = Release|Any CPU
	EndGlobalSection
	GlobalSection(ProjectConfigurationPlatforms) = postSolution
		{B592A945-C108-4E6D-951C-75F480244D03}.Debug|Any CPU.ActiveCfg = Debug|Any CPU
		{B592A945-C108-4E6D-951C-75F480244D03}.Debug|Any CPU.Build.0 = Debug|Any CPU
		{B592A945-C108-4E6D-951C-75F480244D03}.Release|Any CPU.ActiveCfg = Release|Any CPU
		{B592A945-C108-4E6D-951C-75F480244D03}.Release|Any CPU.Build.0 = Release|Any CPU
		{0AB0ADC5-8D5E-4C2D-AB1C-4B2CA80A468B}.Debug|Any CPU.ActiveCfg = Debug|Any CPU
		{0AB0ADC5-8D5E-4C2D-AB1C-4B2CA80A468B}.Debug|Any CPU.Build.0 = Debug|Any CPU
		{0AB0ADC5-8D5E-4C2D-AB1C-4B2CA80A468B}.Release|Any CPU.ActiveCfg = Release|Any CPU
		{0AB0ADC5-8D5E-4C2D-AB1C-4B2CA80A468B}.Release|Any CPU.Build.0 = Release|Any CPU
	EndGlobalSection
	GlobalSection(SolutionProperties) = preSolution
		HideSolutionNode = FALSE
	EndGlobalSection
	GlobalSection(ExtensibilityGlobals) = postSolution
		SolutionGuid = {0AD45F18-013F-4C62-A433-5C34607BA5B7}
	EndGlobalSection
EndGlobal
